
Microsoft Visual Studio Solution File, Format Version 12.00
# Visual Studio 15
VisualStudioVersion = 15.0.28307.852
MinimumVisualStudioVersion = 10.0.40219.1
Project("{FAE04EC0-301F-11D3-BF4B-00C04F79EFBC}") = "kitesurf", "kitesurf\kitesurf.csproj", "{079465E3-12B0-4286-AAEC-9F6FC3BBF2B4}"
EndProject
Project("{2150E333-8FDC-42A3-9474-1A3956D46DE8}") = "Solution Items", "Solution Items", "{5457C166-148A-4E27-A515-6377CDFC185E}"
EndProject
Global
	GlobalSection(SolutionConfigurationPlatforms) = preSolution
		Debug|Any CPU = Debug|Any CPU
		Release|Any CPU = Release|Any CPU
	EndGlobalSection
	GlobalSection(ProjectConfigurationPlatforms) = postSolution
		{079465E3-12B0-4286-AAEC-9F6FC3BBF2B4}.Debug|Any CPU.ActiveCfg = Debug|Any CPU
		{079465E3-12B0-4286-AAEC-9F6FC3BBF2B4}.Debug|Any CPU.Build.0 = Debug|Any CPU
		{079465E3-12B0-4286-AAEC-9F6FC3BBF2B4}.Release|Any CPU.ActiveCfg = Release|Any CPU
		{079465E3-12B0-4286-AAEC-9F6FC3BBF2B4}.Release|Any CPU.Build.0 = Release|Any CPU
	EndGlobalSection
	GlobalSection(SolutionProperties) = preSolution
		HideSolutionNode = FALSE
	EndGlobalSection
	GlobalSection(ExtensibilityGlobals) = postSolution
		SolutionGuid = {C2C674D2-7F46-47C5-816C-3BE2287BD95B}
	EndGlobalSection
EndGlobal
